Microsoft Visual Studio Solution File, Format Version 12.00
# Visual Studio 2013
VisualStudioVersion = 12.0.20520.1 PREVIEW
MinimumVisualStudioVersion = 10.0.40219.1
Project("{FAE04EC0-301F-11D3-BF4B-00C04F79EFBC}") = "FabrikamFiber.Web", "FabrikamFiber.Web\FabrikamFiber.Web.csproj", "{456D6BF0-21B0-4995-9D77-76FA13AD95DA}"
EndProject
Project("{FAE04EC0-301F-11D3-BF4B-00C04F79EFBC}") = "FabrikamFiber.Web.Tests", "FabrikamFiber.Web.Tests\FabrikamFiber.Web.Tests.csproj", "{2FE8E250-4218-4B31-AB23-D9B91ABD842B}"
EndProject
Project("{FAE04EC0-301F-11D3-BF4B-00C04F79EFBC}") = "FabrikamFiber.Extranet.Web", "FabrikamFiber.Extranet.Web\FabrikamFiber.Extranet.Web.csproj", "{A8E4732A-F2F0-4953-8946-46A1900F65A4}"
EndProject
Project("{FAE04EC0-301F-11D3-BF4B-00C04F79EFBC}") = "FabrikamFiber.Extranet.Web.Tests", "FabrikamFiber.Extranet.Web.Tests\FabrikamFiber.Extranet.Web.Tests.csproj", "{5F674CB4-3098-40B2-9EFD-5D754348974D}"
EndProject
Project("{FAE04EC0-301F-11D3-BF4B-00C04F79EFBC}") = "FabrikamFiber.DAL", "FabrikamFiber.DAL\FabrikamFiber.DAL.csproj", "{64058BA2-30B8-4A35-8D4C-CB4F6D6D7442}"
EndProject
Project("{FAE04EC0-301F-11D3-BF4B-00C04F79EFBC}") = "FabrikamFiber.Web.UITests", "FabrikamFiber.Web.UITests\FabrikamFiber.Web.UITests.csproj", "{7B9028A6-73A9-4CC3-BBA9-5CD129D6BEC3}"
EndProject
Global
	GlobalSection(TeamFoundationVersionControl) = preSolution
		SccNumberOfProjects = 7
		SccEnterpriseProvider = {4CA58AB2-18FA-4F8D-95D4-32DDF27D184C}
		SccTeamFoundationServer = http://vsalm:8080/tfs/fabrikamfibercollection
		SccLocalPath0 = .
		SccProjectUniqueName1 = FabrikamFiber.Web\\FabrikamFiber.Web.csproj
		SccProjectName1 = FabrikamFiber.Web
		SccLocalPath1 = FabrikamFiber.Web
		SccProjectUniqueName2 = FabrikamFiber.Web.Tests\\FabrikamFiber.Web.Tests.csproj
		SccProjectName2 = FabrikamFiber.Web.Tests
		SccLocalPath2 = FabrikamFiber.Web.Tests
		SccProjectUniqueName3 = FabrikamFiber.Extranet.Web\\FabrikamFiber.Extranet.Web.csproj
		SccProjectName3 = FabrikamFiber.Extranet.Web
		SccLocalPath3 = FabrikamFiber.Extranet.Web
		SccProjectUniqueName4 = FabrikamFiber.Extranet.Web.Tests\\FabrikamFiber.Extranet.Web.Tests.csproj
		SccProjectName4 = FabrikamFiber.Extranet.Web.Tests
		SccLocalPath4 = FabrikamFiber.Extranet.Web.Tests
		SccProjectUniqueName5 = FabrikamFiber.DAL\\FabrikamFiber.DAL.csproj
		SccProjectName5 = FabrikamFiber.DAL
		SccLocalPath5 = FabrikamFiber.DAL
		SccProjectUniqueName6 = FabrikamFiber.Web.UITests\\FabrikamFiber.Web.UITests.csproj
		SccProjectName6 = FabrikamFiber.Web.UITests
		SccLocalPath6 = FabrikamFiber.Web.UITests
	EndGlobalSection
	GlobalSection(SolutionConfigurationPlatforms) = preSolution
		Debug|Any CPU = Debug|Any CPU
		Release|Any CPU = Release|Any CPU
	EndGlobalSection
	GlobalSection(ProjectConfigurationPlatforms) = postSolution
		{456D6BF0-21B0-4995-9D77-76FA13AD95DA}.Debug|Any CPU.ActiveCfg = Debug|Any CPU
		{456D6BF0-21B0-4995-9D77-76FA13AD95DA}.Debug|Any CPU.Build.0 = Debug|Any CPU
		{456D6BF0-21B0-4995-9D77-76FA13AD95DA}.Release|Any CPU.ActiveCfg = Release|Any CPU
		{456D6BF0-21B0-4995-9D77-76FA13AD95DA}.Release|Any CPU.Build.0 = Release|Any CPU
		{2FE8E250-4218-4B31-AB23-D9B91ABD842B}.Debug|Any CPU.ActiveCfg = Debug|Any CPU
		{2FE8E250-4218-4B31-AB23-D9B91ABD842B}.Debug|Any CPU.Build.0 = Debug|Any CPU
		{2FE8E250-4218-4B31-AB23-D9B91ABD842B}.Release|Any CPU.ActiveCfg = Release|Any CPU
		{2FE8E250-4218-4B31-AB23-D9B91ABD842B}.Release|Any CPU.Build.0 = Release|Any CPU
		{A8E4732A-F2F0-4953-8946-46A1900F65A4}.Debug|Any CPU.ActiveCfg = Debug|Any CPU
		{A8E4732A-F2F0-4953-8946-46A1900F65A4}.Debug|Any CPU.Build.0 = Debug|Any CPU
		{A8E4732A-F2F0-4953-8946-46A1900F65A4}.Release|Any CPU.ActiveCfg = Release|Any CPU
		{A8E4732A-F2F0-4953-8946-46A1900F65A4}.Release|Any CPU.Build.0 = Release|Any CPU
		{5F674CB4-3098-40B2-9EFD-5D754348974D}.Debug|Any CPU.ActiveCfg = Debug|Any CPU
		{5F674CB4-3098-40B2-9EFD-5D754348974D}.Debug|Any CPU.Build.0 = Debug|Any CPU
		{5F674CB4-3098-40B2-9EFD-5D754348974D}.Release|Any CPU.ActiveCfg = Release|Any CPU
		{5F674CB4-3098-40B2-9EFD-5D754348974D}.Release|Any CPU.Build.0 = Release|Any CPU
		{64058BA2-30B8-4A35-8D4C-CB4F6D6D7442}.Debug|Any CPU.ActiveCfg = Debug|Any CPU
		{64058BA2-30B8-4A35-8D4C-CB4F6D6D7442}.Debug|Any CPU.Build.0 = Debug|Any CPU
		{64058BA2-30B8-4A35-8D4C-CB4F6D6D7442}.Release|Any CPU.ActiveCfg = Release|Any CPU
		{64058BA2-30B8-4A35-8D4C-CB4F6D6D7442}.Release|Any CPU.Build.0 = Release|Any CPU
		{7B9028A6-73A9-4CC3-BBA9-5CD129D6BEC3}.Debug|Any CPU.ActiveCfg = Debug|Any CPU
		{7B9028A6-73A9-4CC3-BBA9-5CD129D6BEC3}.Debug|Any CPU.Build.0 = Debug|Any CPU
		{7B9028A6-73A9-4CC3-BBA9-5CD129D6BEC3}.Release|Any CPU.ActiveCfg = Release|Any CPU
		{7B9028A6-73A9-4CC3-BBA9-5CD129D6BEC3}.Release|Any CPU.Build.0 = Release|Any CPU
	EndGlobalSection
	GlobalSection(SolutionProperties) = preSolution
		HideSolutionNode = FALSE
	EndGlobalSection
EndGlobal
